{
  "pins" : [
    {
      "identity" : "alamofire",
      "kind" : "remoteSourceControl",
      "location" : "https://github.com/Alamofire/Alamofire",
      "state" : {
        "branch" : "master",
        "revision" : "ce7f662709a152e840b130a158b9afef3402e146"
      }
    },
    {
      "identity" : "module-category",
      "kind" : "remoteSourceControl",
      "location" : "https://github.com/kalozfauzan1/module-category.git",
      "state" : {
        "branch" : "main",
        "revision" : "e22d23e194c64f07445c7ca33e0833571765f4f5"
      }
    },
    {
      "identity" : "module-core",
      "kind" : "remoteSourceControl",
      "location" : "https://github.com/kalozfauzan1/module-core",
      "state" : {
        "branch" : "main",
        "revision" : "72224bdc6e30ca1c03a578dd2e83f330999a590a"
      }
    },
    {
      "identity" : "realm-cocoa",
      "kind" : "remoteSourceControl",
      "location" : "https://github.com/realm/realm-cocoa",
      "state" : {
        "branch" : "master",
        "revision" : "ce4049f79418ff1b8ef81cfd80ae51e61a41ae1a"
      }
    },
    {
      "identity" : "realm-core",
      "kind" : "remoteSourceControl",
      "location" : "https://github.com/realm/realm-core.git",
      "state" : {
        "revision" : "b77443ca7fa25407869ca537bf3ae912b1427bff",
        "version" : "12.13.0"
      }
    },
    {
      "identity" : "sdwebimage",
      "kind" : "remoteSourceControl",
      "location" : "https://github.com/SDWebImage/SDWebImage.git",
      "state" : {
        "revision" : "4178d12a44691182c2eb79c70281b14cb73f4cbf",
        "version" : "5.14.3"
      }
    },
    {
      "identity" : "sdwebimageswiftui",
      "kind" : "remoteSourceControl",
      "location" : "https://github.com/SDWebImage/SDWebImageSwiftUI",
      "state" : {
        "branch" : "master",
        "revision" : "61fefe9c284fd41ddef77d02749e88f00c305196"
      }
    }
  ],
  "version" : 2
}
